// !$*UTF8*$!
{
	archiveVersion = 1;
	classes = {
	};
	objectVersion = 50;
	objects = {

/* Begin PBXBuildFile section */
		2941A3F423FAF0DC005838BA /* AppDelegate.swift in Sources */ = {isa = PBXBuildFile; fileRef = 2941A3F323FAF0DC005838BA /* AppDelegate.swift */; };
		2941A3F623FAF0DC005838BA /* SceneDelegate.swift in Sources */ = {isa = PBXBuildFile; fileRef = 2941A3F523FAF0DC005838BA /* SceneDelegate.swift */; };
		2941A3F823FAF0DC005838BA /* ViewController.swift in Sources */ = {isa = PBXBuildFile; fileRef = 2941A3F723FAF0DC005838BA /* ViewController.swift */; };
		2941A3FB23FAF0DC005838BA /* Main.storyboard in Resources */ = {isa = PBXBuildFile; fileRef = 2941A3F923FAF0DC005838BA /* Main.storyboard */; };
		2941A3FD23FAF0DE005838BA /* Assets.xcassets in Resources */ = {isa = PBXBuildFile; fileRef = 2941A3FC23FAF0DE005838BA /* Assets.xcassets */; };
		2941A40023FAF0DE005838BA /* LaunchScreen.storyboard in Resources */ = {isa = PBXBuildFile; fileRef = 2941A3FE23FAF0DE005838BA /* LaunchScreen.storyboard */; };
		2941A40B23FAF0DE005838BA /* DCPizzaTests.swift in Sources */ = {isa = PBXBuildFile; fileRef = 2941A40A23FAF0DE005838BA /* DCPizzaTests.swift */; };
/* End PBXBuildFile section */

/* Begin PBXContainerItemProxy section */
		2941A40723FAF0DE005838BA /* PBXContainerItemProxy */ = {
			isa = PBXContainerItemProxy;
			containerPortal = 2941A3E823FAF0DC005838BA /* Project object */;
			proxyType = 1;
			remoteGlobalIDString = 2941A3EF23FAF0DC005838BA;
			remoteInfo = DCPizza;
		};
/* End PBXContainerItemProxy section */

/* Begin PBXFileReference section */
		2941A3F023FAF0DC005838BA /* DCPizza.app */ = {isa = PBXFileReference; explicitFileType = wrapper.application; includeInIndex = 0; path = DCPizza.app; sourceTree = BUILT_PRODUCTS_DIR; };
		2941A3F323FAF0DC005838BA /* AppDelegate.swift */ = {isa = PBXFileReference; lastKnownFileType = sourcecode.swift; path = AppDelegate.swift; sourceTree = "<group>"; };
		2941A3F523FAF0DC005838BA /* SceneDelegate.swift */ = {isa = PBXFileReference; lastKnownFileType = sourcecode.swift; path = SceneDelegate.swift; sourceTree = "<group>"; };
		2941A3F723FAF0DC005838BA /* ViewController.swift */ = {isa = PBXFileReference; lastKnownFileType = sourcecode.swift; path = ViewController.swift; sourceTree = "<group>"; };
		2941A3FA23FAF0DC005838BA /* Base */ = {isa = PBXFileReference; lastKnownFileType = file.storyboard; name = Base; path = Base.lproj/Main.storyboard; sourceTree = "<group>"; };
		2941A3FC23FAF0DE005838BA /* Assets.xcassets */ = {isa = PBXFileReference; lastKnownFileType = folder.assetcatalog; path = Assets.xcassets; sourceTree = "<group>"; };
		2941A3FF23FAF0DE005838BA /* Base */ = {isa = PBXFileReference; lastKnownFileType = file.storyboard; name = Base; path = Base.lproj/LaunchScreen.storyboard; sourceTree = "<group>"; };
		2941A40123FAF0DE005838BA /* Info.plist */ = {isa = PBXFileReference; lastKnownFileType = text.plist.xml; path = Info.plist; sourceTree = "<group>"; };
		2941A40623FAF0DE005838BA /* DCPizzaTests.xctest */ = {isa = PBXFileReference; explicitFileType = wrapper.cfbundle; includeInIndex = 0; path = DCPizzaTests.xctest; sourceTree = BUILT_PRODUCTS_DIR; };
		2941A40A23FAF0DE005838BA /* DCPizzaTests.swift */ = {isa = PBXFileReference; lastKnownFileType = sourcecode.swift; path = DCPizzaTests.swift; sourceTree = "<group>"; };
		2941A40C23FAF0DE005838BA /* Info.plist */ = {isa = PBXFileReference; lastKnownFileType = text.plist.xml; path = Info.plist; sourceTree = "<group>"; };
/* End PBXFileReference section */

/* Begin PBXFrameworksBuildPhase section */
		2941A3ED23FAF0DC005838BA /* Frameworks */ = {
			isa = PBXFrameworksBuildPhase;
			buildActionMask = 2147483647;
			files = (
			);
			runOnlyForDeploymentPostprocessing = 0;
		};
		2941A40323FAF0DE005838BA /* Frameworks */ = {
			isa = PBXFrameworksBuildPhase;
			buildActionMask = 2147483647;
			files = (
			);
			runOnlyForDeploymentPostprocessing = 0;
		};
/* End PBXFrameworksBuildPhase section */

/* Begin PBXGroup section */
		2941A3E723FAF0DC005838BA = {
			isa = PBXGroup;
			children = (
				2941A3F223FAF0DC005838BA /* DCPizza */,
				2941A40923FAF0DE005838BA /* DCPizzaTests */,
				2941A3F123FAF0DC005838BA /* Products */,
			);
			sourceTree = "<group>";
		};
		2941A3F123FAF0DC005838BA /* Products */ = {
			isa = PBXGroup;
			children = (
				2941A3F023FAF0DC005838BA /* DCPizza.app */,
				2941A40623FAF0DE005838BA /* DCPizzaTests.xctest */,
			);
			name = Products;
			sourceTree = "<group>";
		};
		2941A3F223FAF0DC005838BA /* DCPizza */ = {
			isa = PBXGroup;
			children = (
				2941A3F323FAF0DC005838BA /* AppDelegate.swift */,
				2941A3F523FAF0DC005838BA /* SceneDelegate.swift */,
				2941A3F723FAF0DC005838BA /* ViewController.swift */,
				2941A3F923FAF0DC005838BA /* Main.storyboard */,
				2941A3FC23FAF0DE005838BA /* Assets.xcassets */,
				2941A3FE23FAF0DE005838BA /* LaunchScreen.storyboard */,
				2941A40123FAF0DE005838BA /* Info.plist */,
			);
			path = DCPizza;
			sourceTree = "<group>";
		};
		2941A40923FAF0DE005838BA /* DCPizzaTests */ = {
			isa = PBXGroup;
			children = (
				2941A40A23FAF0DE005838BA /* DCPizzaTests.swift */,
				2941A40C23FAF0DE005838BA /* Info.plist */,
			);
			path = DCPizzaTests;
			sourceTree = "<group>";
		};
/* End PBXGroup section */

/* Begin PBXNativeTarget section */
		2941A3EF23FAF0DC005838BA /* DCPizza */ = {
			isa = PBXNativeTarget;
			buildConfigurationList = 2941A40F23FAF0DE005838BA /* Build configuration list for PBXNativeTarget "DCPizza" */;
			buildPhases = (
				2941A3EC23FAF0DC005838BA /* Sources */,
				2941A3ED23FAF0DC005838BA /* Frameworks */,
				2941A3EE23FAF0DC005838BA /* Resources */,
			);
			buildRules = (
			);
			dependencies = (
			);
			name = DCPizza;
			productName = DCPizza;
			productReference = 2941A3F023FAF0DC005838BA /* DCPizza.app */;
			productType = "com.apple.product-type.application";
		};
		2941A40523FAF0DE005838BA /* DCPizzaTests */ = {
			isa = PBXNativeTarget;
			buildConfigurationList = 2941A41223FAF0DE005838BA /* Build configuration list for PBXNativeTarget "DCPizzaTests" */;
			buildPhases = (
				2941A40223FAF0DE005838BA /* Sources */,
				2941A40323FAF0DE005838BA /* Frameworks */,
				2941A40423FAF0DE005838BA /* Resources */,
			);
			buildRules = (
			);
			dependencies = (
				2941A40823FAF0DE005838BA /* PBXTargetDependency */,
			);
			name = DCPizzaTests;
			productName = DCPizzaTests;
			productReference = 2941A40623FAF0DE005838BA /* DCPizzaTests.xctest */;
			productType = "com.apple.product-type.bundle.unit-test";
		};
/* End PBXNativeTarget section */

/* Begin PBXProject section */
		2941A3E823FAF0DC005838BA /* Project object */ = {
			isa = PBXProject;
			attributes = {
				LastSwiftUpdateCheck = 1130;
				LastUpgradeCheck = 1130;
				ORGANIZATIONNAME = "kil-dev";
				TargetAttributes = {
					2941A3EF23FAF0DC005838BA = {
						CreatedOnToolsVersion = 11.3.1;
					};
					2941A40523FAF0DE005838BA = {
						CreatedOnToolsVersion = 11.3.1;
						TestTargetID = 2941A3EF23FAF0DC005838BA;
					};
				};
			};
			buildConfigurationList = 2941A3EB23FAF0DC005838BA /* Build configuration list for PBXProject "DCPizza" */;
			compatibilityVersion = "Xcode 9.3";
			developmentRegion = en;
			hasScannedForEncodings = 0;
			knownRegions = (
				en,
				Base,
			);
			mainGroup = 2941A3E723FAF0DC005838BA;
			productRefGroup = 2941A3F123FAF0DC005838BA /* Products */;
			projectDirPath = "";
			projectRoot = "";
			targets = (
				2941A3EF23FAF0DC005838BA /* DCPizza */,
				2941A40523FAF0DE005838BA /* DCPizzaTests */,
			);
		};
/* End PBXProject section */

/* Begin PBXResourcesBuildPhase section */
		2941A3EE23FAF0DC005838BA /* Resources */ = {
			isa = PBXResourcesBuildPhase;
			buildActionMask = 2147483647;
			files = (
				2941A40023FAF0DE005838BA /* LaunchScreen.storyboard in Resources */,
				2941A3FD23FAF0DE005838BA /* Assets.xcassets in Resources */,
				2941A3FB23FAF0DC005838BA /* Main.storyboard in Resources */,
			);
			runOnlyForDeploymentPostprocessing = 0;
		};
		2941A40423FAF0DE005838BA /* Resources */ = {
			isa = PBXResourcesBuildPhase;
			buildActionMask = 2147483647;
			files = (
			);
			runOnlyForDeploymentPostprocessing = 0;
		};
/* End PBXResourcesBuildPhase section */

/* Begin PBXSourcesBuildPhase section */
		2941A3EC23FAF0DC005838BA /* Sources */ = {
			isa = PBXSourcesBuildPhase;
			buildActionMask = 2147483647;
			files = (
				2941A3F823FAF0DC005838BA /* ViewController.swift in Sources */,
				2941A3F423FAF0DC005838BA /* AppDelegate.swift in Sources */,
				2941A3F623FAF0DC005838BA /* SceneDelegate.swift in Sources */,
			);
			runOnlyForDeploymentPostprocessing = 0;
		};
		2941A40223FAF0DE005838BA /* Sources */ = {
			isa = PBXSourcesBuildPhase;
			buildActionMask = 2147483647;
			files = (
				2941A40B23FAF0DE005838BA /* DCPizzaTests.swift in Sources */,
			);
			runOnlyForDeploymentPostprocessing = 0;
		};
/* End PBXSourcesBuildPhase section */

/* Begin PBXTargetDependency section */
		2941A40823FAF0DE005838BA /* PBXTargetDependency */ = {
			isa = PBXTargetDependency;
			target = 2941A3EF23FAF0DC005838BA /* DCPizza */;
			targetProxy = 2941A40723FAF0DE005838BA /* PBXContainerItemProxy */;
		};
/* End PBXTargetDependency section */

/* Begin PBXVariantGroup section */
		2941A3F923FAF0DC005838BA /* Main.storyboard */ = {
			isa = PBXVariantGroup;
			children = (
				2941A3FA23FAF0DC005838BA /* Base */,
			);
			name = Main.storyboard;
			sourceTree = "<group>";
		};
		2941A3FE23FAF0DE005838BA /* LaunchScreen.storyboard */ = {
			isa = PBXVariantGroup;
			children = (
				2941A3FF23FAF0DE005838BA /* Base */,
			);
			name = LaunchScreen.storyboard;
			sourceTree = "<group>";
		};
/* End PBXVariantGroup section */

/* Begin XCBuildConfiguration section */
		2941A40D23FAF0DE005838BA /* Debug */ = {
			isa = XCBuildConfiguration;
			buildSettings = {
				ALWAYS_SEARCH_USER_PATHS = NO;
				CLANG_ANALYZER_NONNULL = YES;
				CLANG_ANALYZER_NUMBER_OBJECT_CONVERSION = YES_AGGRESSIVE;
				CLANG_CXX_LANGUAGE_STANDARD = "gnu++14";
				CLANG_CXX_LIBRARY = "libc++";
				CLANG_ENABLE_MODULES = YES;
				CLANG_ENABLE_OBJC_ARC = YES;
				CLANG_ENABLE_OBJC_WEAK = YES;
				CLANG_WARN_BLOCK_CAPTURE_AUTORELEASING = YES;
				CLANG_WARN_BOOL_CONVERSION = YES;
				CLANG_WARN_COMMA = YES;
				CLANG_WARN_CONSTANT_CONVERSION = YES;
				CLANG_WARN_DEPRECATED_OBJC_IMPLEMENTATIONS = YES;
				CLANG_WARN_DIRECT_OBJC_ISA_USAGE = YES_ERROR;
				CLANG_WARN_DOCUMENTATION_COMMENTS = YES;
				CLANG_WARN_EMPTY_BODY = YES;
				CLANG_WARN_ENUM_CONVERSION = YES;
				CLANG_WARN_INFINITE_RECURSION = YES;
				CLANG_WARN_INT_CONVERSION = YES;
				CLANG_WARN_NON_LITERAL_NULL_CONVERSION = YES;
				CLANG_WARN_OBJC_IMPLICIT_RETAIN_SELF = YES;
				CLANG_WARN_OBJC_LITERAL_CONVERSION = YES;
				CLANG_WARN_OBJC_ROOT_CLASS = YES_ERROR;
				CLANG_WARN_RANGE_LOOP_ANALYSIS = YES;
				CLANG_WARN_STRICT_PROTOTYPES = YES;
				CLANG_WARN_SUSPICIOUS_MOVE = YES;
				CLANG_WARN_UNGUARDED_AVAILABILITY = YES_AGGRESSIVE;
				CLANG_WARN_UNREACHABLE_CODE = YES;
				CLANG_WARN__DUPLICATE_METHOD_MATCH = YES;
				COPY_PHASE_STRIP = NO;
				DEBUG_INFORMATION_FORMAT = dwarf;
				ENABLE_STRICT_OBJC_MSGSEND = YES;
				ENABLE_TESTABILITY = YES;
				GCC_C_LANGUAGE_STANDARD = gnu11;
				GCC_DYNAMIC_NO_PIC = NO;
				GCC_NO_COMMON_BLOCKS = YES;
				GCC_OPTIMIZATION_LEVEL = 0;
				GCC_PREPROCESSOR_DEFINITIONS = (
					"DEBUG=1",
					"$(inherited)",
				);
				GCC_WARN_64_TO_32_BIT_CONVERSION = YES;
				GCC_WARN_ABOUT_RETURN_TYPE = YES_ERROR;
				GCC_WARN_UNDECLARED_SELECTOR = YES;
				GCC_WARN_UNINITIALIZED_AUTOS = YES_AGGRESSIVE;
				GCC_WARN_UNUSED_FUNCTION = YES;
				GCC_WARN_UNUSED_VARIABLE = YES;
				IPHONEOS_DEPLOYMENT_TARGET = 13.2;
				MTL_ENABLE_DEBUG_INFO = INCLUDE_SOURCE;
				MTL_FAST_MATH = YES;
				ONLY_ACTIVE_ARCH = YES;
				SDKROOT = iphoneos;
				SWIFT_ACTIVE_COMPILATION_CONDITIONS = DEBUG;
				SWIFT_OPTIMIZATION_LEVEL = "-Onone";
			};
			name = Debug;
		};
		2941A40E23FAF0DE005838BA /* Release */ = {
			isa = XCBuildConfiguration;
			buildSettings = {
				ALWAYS_SEARCH_USER_PATHS = NO;
				CLANG_ANALYZER_NONNULL = YES;
				CLANG_ANALYZER_NUMBER_OBJECT_CONVERSION = YES_AGGRESSIVE;
				CLANG_CXX_LANGUAGE_STANDARD = "gnu++14";
				CLANG_CXX_LIBRARY = "libc++";
				CLANG_ENABLE_MODULES = YES;
				CLANG_ENABLE_OBJC_ARC = YES;
				CLANG_ENABLE_OBJC_WEAK = YES;
				CLANG_WARN_BLOCK_CAPTURE_AUTORELEASING = YES;
				CLANG_WARN_BOOL_CONVERSION = YES;
				CLANG_WARN_COMMA = YES;
				CLANG_WARN_CONSTANT_CONVERSION = YES;
				CLANG_WARN_DEPRECATED_OBJC_IMPLEMENTATIONS = YES;
				CLANG_WARN_DIRECT_OBJC_ISA_USAGE = YES_ERROR;
				CLANG_WARN_DOCUMENTATION_COMMENTS = YES;
				CLANG_WARN_EMPTY_BODY = YES;
				CLANG_WARN_ENUM_CONVERSION = YES;
				CLANG_WARN_INFINITE_RECURSION = YES;
				CLANG_WARN_INT_CONVERSION = YES;
				CLANG_WARN_NON_LITERAL_NULL_CONVERSION = YES;
				CLANG_WARN_OBJC_IMPLICIT_RETAIN_SELF = YES;
				CLANG_WARN_OBJC_LITERAL_CONVERSION = YES;
				CLANG_WARN_OBJC_ROOT_CLASS = YES_ERROR;
				CLANG_WARN_RANGE_LOOP_ANALYSIS = YES;
				CLANG_WARN_STRICT_PROTOTYPES = YES;
				CLANG_WARN_SUSPICIOUS_MOVE = YES;
				CLANG_WARN_UNGUARDED_AVAILABILITY = YES_AGGRESSIVE;
				CLANG_WARN_UNREACHABLE_CODE = YES;
				CLANG_WARN__DUPLICATE_METHOD_MATCH = YES;
				COPY_PHASE_STRIP = NO;
				DEBUG_INFORMATION_FORMAT = "dwarf-with-dsym";
				ENABLE_NS_ASSERTIONS = NO;
				ENABLE_STRICT_OBJC_MSGSEND = YES;
				GCC_C_LANGUAGE_STANDARD = gnu11;
				GCC_NO_COMMON_BLOCKS = YES;
				GCC_WARN_64_TO_32_BIT_CONVERSION = YES;
				GCC_WARN_ABOUT_RETURN_TYPE = YES_ERROR;
				GCC_WARN_UNDECLARED_SELECTOR = YES;
				GCC_WARN_UNINITIALIZED_AUTOS = YES_AGGRESSIVE;
				GCC_WARN_UNUSED_FUNCTION = YES;
				GCC_WARN_UNUSED_VARIABLE = YES;
				IPHONEOS_DEPLOYMENT_TARGET = 13.2;
				MTL_ENABLE_DEBUG_INFO = NO;
				MTL_FAST_MATH = YES;
				SDKROOT = iphoneos;
				SWIFT_COMPILATION_MODE = wholemodule;
				SWIFT_OPTIMIZATION_LEVEL = "-O";
				VALIDATE_PRODUCT = YES;
			};
			name = Release;
		};
		2941A41023FAF0DE005838BA /* Debug */ = {
			isa = XCBuildConfiguration;
			buildSettings = {
				ASSETCATALOG_COMPILER_APPICON_NAME = AppIcon;
				CODE_SIGN_STYLE = Automatic;
				INFOPLIST_FILE = DCPizza/Info.plist;
				IPHONEOS_DEPLOYMENT_TARGET = 10.0;
				LD_RUNPATH_SEARCH_PATHS = (
					"$(inherited)",
					"@executable_path/Frameworks",
				);
				PRODUCT_BUNDLE_IDENTIFIER = "hu.kil-dev.DCPizza";
				PRODUCT_NAME = "$(TARGET_NAME)";
				SWIFT_VERSION = 5.0;
				TARGETED_DEVICE_FAMILY = 1;
			};
			name = Debug;
		};
		2941A41123FAF0DE005838BA /* Release */ = {
			isa = XCBuildConfiguration;
			buildSettings = {
				ASSETCATALOG_COMPILER_APPICON_NAME = AppIcon;
				CODE_SIGN_STYLE = Automatic;
				INFOPLIST_FILE = DCPizza/Info.plist;
				IPHONEOS_DEPLOYMENT_TARGET = 10.0;
				LD_RUNPATH_SEARCH_PATHS = (
					"$(inherited)",
					"@executable_path/Frameworks",
				);
				PRODUCT_BUNDLE_IDENTIFIER = "hu.kil-dev.DCPizza";
				PRODUCT_NAME = "$(TARGET_NAME)";
				SWIFT_VERSION = 5.0;
				TARGETED_DEVICE_FAMILY = 1;
			};
			name = Release;
		};
		2941A41323FAF0DE005838BA /* Debug */ = {
			isa = XCBuildConfiguration;
			buildSettings = {
				ALWAYS_EMBED_SWIFT_STANDARD_LIBRARIES = YES;
				BUNDLE_LOADER = "$(TEST_HOST)";
				CODE_SIGN_STYLE = Automatic;
				INFOPLIST_FILE = DCPizzaTests/Info.plist;
				IPHONEOS_DEPLOYMENT_TARGET = 13.2;
				LD_RUNPATH_SEARCH_PATHS = (
					"$(inherited)",
					"@executable_path/Frameworks",
					"@loader_path/Frameworks",
				);
				PRODUCT_BUNDLE_IDENTIFIER = "hu.kil-dev.DCPizzaTests";
				PRODUCT_NAME = "$(TARGET_NAME)";
				SWIFT_VERSION = 5.0;
				TARGETED_DEVICE_FAMILY = "1,2";
				TEST_HOST = "$(BUILT_PRODUCTS_DIR)/DCPizza.app/DCPizza";
			};
			name = Debug;
		};
		2941A41423FAF0DE005838BA /* Release */ = {
			isa = XCBuildConfiguration;
			buildSettings = {
				ALWAYS_EMBED_SWIFT_STANDARD_LIBRARIES = YES;
				BUNDLE_LOADER = "$(TEST_HOST)";
				CODE_SIGN_STYLE = Automatic;
				INFOPLIST_FILE = DCPizzaTests/Info.plist;
				IPHONEOS_DEPLOYMENT_TARGET = 13.2;
				LD_RUNPATH_SEARCH_PATHS = (
					"$(inherited)",
					"@executable_path/Frameworks",
					"@loader_path/Frameworks",
				);
				PRODUCT_BUNDLE_IDENTIFIER = "hu.kil-dev.DCPizzaTests";
				PRODUCT_NAME = "$(TARGET_NAME)";
				SWIFT_VERSION = 5.0;
				TARGETED_DEVICE_FAMILY = "1,2";
				TEST_HOST = "$(BUILT_PRODUCTS_DIR)/DCPizza.app/DCPizza";
			};
			name = Release;
		};
/* End XCBuildConfiguration section */

/* Begin XCConfigurationList section */
		2941A3EB23FAF0DC005838BA /* Build configuration list for PBXProject "DCPizza" */ = {
			isa = XCConfigurationList;
			buildConfigurations = (
				2941A40D23FAF0DE005838BA /* Debug */,
				2941A40E23FAF0DE005838BA /* Release */,
			);
			defaultConfigurationIsVisible = 0;
			defaultConfigurationName = Release;
		};
		2941A40F23FAF0DE005838BA /* Build configuration list for PBXNativeTarget "DCPizza" */ = {
			isa = XCConfigurationList;
			buildConfigurations = (
				2941A41023FAF0DE005838BA /* Debug */,
				2941A41123FAF0DE005838BA /* Release */,
			);
			defaultConfigurationIsVisible = 0;
			defaultConfigurationName = Release;
		};
		2941A41223FAF0DE005838BA /* Build configuration list for PBXNativeTarget "DCPizzaTests" */ = {
			isa = XCConfigurationList;
			buildConfigurations = (
				2941A41323FAF0DE005838BA /* Debug */,
				2941A41423FAF0DE005838BA /* Release */,
			);
			defaultConfigurationIsVisible = 0;
			defaultConfigurationName = Release;
		};
/* End XCConfigurationList section */
	};
	rootObject = 2941A3E823FAF0DC005838BA /* Project object */;
}
